
Microsoft Visual Studio Solution File, Format Version 12.00
# Visual Studio Version 17
VisualStudioVersion = 17.8.34330.188
MinimumVisualStudioVersion = 10.0.40219.1
Project("{FAE04EC0-301F-11D3-BF4B-00C04F79EFBC}") = "Test01_Hello", "Test01_Hello.csproj", "{875AA27A-E996-4C2F-956C-298143C98DA1}"
EndProject
Global
	GlobalSection(SolutionConfigurationPlatforms) = preSolution
		Debug|Any CPU = Debug|Any CPU
		Release|Any CPU = Release|Any CPU
	EndGlobalSection
	GlobalSection(ProjectConfigurationPlatforms) = postSolution
		{875AA27A-E996-4C2F-956C-298143C98DA1}.Debug|Any CPU.ActiveCfg = Debug|Any CPU
		{875AA27A-E996-4C2F-956C-298143C98DA1}.Debug|Any CPU.Build.0 = Debug|Any CPU
		{875AA27A-E996-4C2F-956C-298143C98DA1}.Release|Any CPU.ActiveCfg = Release|Any CPU
		{875AA27A-E996-4C2F-956C-298143C98DA1}.Release|Any CPU.Build.0 = Release|Any CPU
	EndGlobalSection
	GlobalSection(SolutionProperties) = preSolution
		HideSolutionNode = FALSE
	EndGlobalSection
	GlobalSection(ExtensibilityGlobals) = postSolution
		SolutionGuid = {C339E548-F7F5-4838-BDEF-BDDB66DC04AC}
	EndGlobalSection
EndGlobal
